
Microsoft Visual Studio Solution File, Format Version 12.00
# Visual Studio Version 17
VisualStudioVersion = 17.5.33424.131
MinimumVisualStudioVersion = 10.0.40219.1
Project("{6EC3EE1D-3C4E-46DD-8F32-0CC8E7565705}") = "RedditChatBot", "RedditChatBot\RedditChatBot.fsproj", "{211A62DC-349D-4CEB-9DF2-FDBC0E5348E8}"
EndProject
Project("{6EC3EE1D-3C4E-46DD-8F32-0CC8E7565705}") = "FriendlyChatBot", "FriendlyChatBot\FriendlyChatBot.fsproj", "{C9B0A221-A9F4-42F3-8B3A-12C42FB43B9A}"
EndProject
Project("{6EC3EE1D-3C4E-46DD-8F32-0CC8E7565705}") = "TypicalChatBot", "TypicalChatBot\TypicalChatBot.fsproj", "{699575DF-077C-40EE-8554-76D3D73D1B9D}"
EndProject
Project("{F2A71F9B-5D33-465A-A702-920D77279786}") = "ChatTest", "ChatTest\ChatTest.fsproj", "{925B070C-50FE-494B-BA85-8CF8A24B0A8F}"
EndProject
Global
	GlobalSection(SolutionConfigurationPlatforms) = preSolution
		Debug|Any CPU = Debug|Any CPU
		Release|Any CPU = Release|Any CPU
	EndGlobalSection
	GlobalSection(ProjectConfigurationPlatforms) = postSolution
		{211A62DC-349D-4CEB-9DF2-FDBC0E5348E8}.Debug|Any CPU.ActiveCfg = Debug|Any CPU
		{211A62DC-349D-4CEB-9DF2-FDBC0E5348E8}.Debug|Any CPU.Build.0 = Debug|Any CPU
		{211A62DC-349D-4CEB-9DF2-FDBC0E5348E8}.Release|Any CPU.ActiveCfg = Release|Any CPU
		{211A62DC-349D-4CEB-9DF2-FDBC0E5348E8}.Release|Any CPU.Build.0 = Release|Any CPU
		{C9B0A221-A9F4-42F3-8B3A-12C42FB43B9A}.Debug|Any CPU.ActiveCfg = Debug|Any CPU
		{C9B0A221-A9F4-42F3-8B3A-12C42FB43B9A}.Debug|Any CPU.Build.0 = Debug|Any CPU
		{C9B0A221-A9F4-42F3-8B3A-12C42FB43B9A}.Release|Any CPU.ActiveCfg = Release|Any CPU
		{C9B0A221-A9F4-42F3-8B3A-12C42FB43B9A}.Release|Any CPU.Build.0 = Release|Any CPU
		{699575DF-077C-40EE-8554-76D3D73D1B9D}.Debug|Any CPU.ActiveCfg = Debug|Any CPU
		{699575DF-077C-40EE-8554-76D3D73D1B9D}.Debug|Any CPU.Build.0 = Debug|Any CPU
		{699575DF-077C-40EE-8554-76D3D73D1B9D}.Release|Any CPU.ActiveCfg = Release|Any CPU
		{699575DF-077C-40EE-8554-76D3D73D1B9D}.Release|Any CPU.Build.0 = Release|Any CPU
		{925B070C-50FE-494B-BA85-8CF8A24B0A8F}.Debug|Any CPU.ActiveCfg = Debug|Any CPU
		{925B070C-50FE-494B-BA85-8CF8A24B0A8F}.Debug|Any CPU.Build.0 = Debug|Any CPU
		{925B070C-50FE-494B-BA85-8CF8A24B0A8F}.Release|Any CPU.ActiveCfg = Release|Any CPU
		{925B070C-50FE-494B-BA85-8CF8A24B0A8F}.Release|Any CPU.Build.0 = Release|Any CPU
	EndGlobalSection
	GlobalSection(SolutionProperties) = preSolution
		HideSolutionNode = FALSE
	EndGlobalSection
	GlobalSection(ExtensibilityGlobals) = postSolution
		SolutionGuid = {8487DC58-1227-4397-AC08-467236CE5DA1}
	EndGlobalSection
EndGlobal
